
Microsoft Visual Studio Solution File, Format Version 12.00
# Visual Studio Version 16
VisualStudioVersion = 16.0.31515.178
MinimumVisualStudioVersion = 10.0.40219.1
Project("{FAE04EC0-301F-11D3-BF4B-00C04F79EFBC}") = "HotelOne19679091", "HotelOne19679091\HotelOne19679091.csproj", "{ECAA569A-1526-4E75-9310-CCC3F651F5A7}"
EndProject
Global
	GlobalSection(SolutionConfigurationPlatforms) = preSolution
		Debug|Any CPU = Debug|Any CPU
		Release|Any CPU = Release|Any CPU
	EndGlobalSection
	GlobalSection(ProjectConfigurationPlatforms) = postSolution
		{ECAA569A-1526-4E75-9310-CCC3F651F5A7}.Debug|Any CPU.ActiveCfg = Debug|Any CPU
		{ECAA569A-1526-4E75-9310-CCC3F651F5A7}.Debug|Any CPU.Build.0 = Debug|Any CPU
		{ECAA569A-1526-4E75-9310-CCC3F651F5A7}.Release|Any CPU.ActiveCfg = Release|Any CPU
		{ECAA569A-1526-4E75-9310-CCC3F651F5A7}.Release|Any CPU.Build.0 = Release|Any CPU
	EndGlobalSection
	GlobalSection(SolutionProperties) = preSolution
		HideSolutionNode = FALSE
	EndGlobalSection
	GlobalSection(ExtensibilityGlobals) = postSolution
		SolutionGuid = {22FF5730-C6D9-41F9-A919-2FE381938619}
	EndGlobalSection
EndGlobal
